
Microsoft Visual Studio Solution File, Format Version 12.00
# Visual Studio Version 17
VisualStudioVersion = 17.14.36429.23 d17.14
MinimumVisualStudioVersion = 10.0.40219.1
Project("{FAE04EC0-301F-11D3-BF4B-00C04F79EFBC}") = "HidePlayer", "HidePlayer\HidePlayer.csproj", "{A57225AC-B3DB-46C5-A26C-05B17D7DB4EC}"
EndProject
Global
	GlobalSection(SolutionConfigurationPlatforms) = preSolution
		Debug|Any CPU = Debug|Any CPU
		Release|Any CPU = Release|Any CPU
	EndGlobalSection
	GlobalSection(ProjectConfigurationPlatforms) = postSolution
		{A57225AC-B3DB-46C5-A26C-05B17D7DB4EC}.Debug|Any CPU.ActiveCfg = Debug|Any CPU
		{A57225AC-B3DB-46C5-A26C-05B17D7DB4EC}.Debug|Any CPU.Build.0 = Debug|Any CPU
		{A57225AC-B3DB-46C5-A26C-05B17D7DB4EC}.Release|Any CPU.ActiveCfg = Release|Any CPU
		{A57225AC-B3DB-46C5-A26C-05B17D7DB4EC}.Release|Any CPU.Build.0 = Release|Any CPU
	EndGlobalSection
	GlobalSection(SolutionProperties) = preSolution
		HideSolutionNode = FALSE
	EndGlobalSection
	GlobalSection(ExtensibilityGlobals) = postSolution
		SolutionGuid = {8A5E1B1C-B7C9-42E4-9116-FA545EB74AAF}
	EndGlobalSection
EndGlobal
